
Microsoft Visual Studio Solution File, Format Version 12.00
# Visual Studio Version 17
VisualStudioVersion = 17.5.33530.505
MinimumVisualStudioVersion = 10.0.40219.1
Project("{FAE04EC0-301F-11D3-BF4B-00C04F79EFBC}") = "DataAccess", "Yeni klasör\DataAccess\DataAccess.csproj", "{5289C630-C560-476C-A5B3-ED2C3CF22AAD}"
EndProject
Project("{FAE04EC0-301F-11D3-BF4B-00C04F79EFBC}") = "Business", "Yeni klasör\Business\Business.csproj", "{5DFC93A5-10FF-4C11-BEC5-0C24393F488C}"
EndProject
Project("{FAE04EC0-301F-11D3-BF4B-00C04F79EFBC}") = "Entities", "Yeni klasör\Entities\Entities.csproj", "{35847C97-21E3-4712-B050-095B40B7CE50}"
EndProject
Project("{FAE04EC0-301F-11D3-BF4B-00C04F79EFBC}") = "ConsoleUI", "ConsoleUI\ConsoleUI.csproj", "{EB16FABF-D74A-49E2-918C-33B681B7C7B5}"
EndProject
Global
	GlobalSection(SolutionConfigurationPlatforms) = preSolution
		Debug|Any CPU = Debug|Any CPU
		Release|Any CPU = Release|Any CPU
	EndGlobalSection
	GlobalSection(ProjectConfigurationPlatforms) = postSolution
		{5289C630-C560-476C-A5B3-ED2C3CF22AAD}.Debug|Any CPU.ActiveCfg = Debug|Any CPU
		{5289C630-C560-476C-A5B3-ED2C3CF22AAD}.Debug|Any CPU.Build.0 = Debug|Any CPU
		{5289C630-C560-476C-A5B3-ED2C3CF22AAD}.Release|Any CPU.ActiveCfg = Release|Any CPU
		{5289C630-C560-476C-A5B3-ED2C3CF22AAD}.Release|Any CPU.Build.0 = Release|Any CPU
		{5DFC93A5-10FF-4C11-BEC5-0C24393F488C}.Debug|Any CPU.ActiveCfg = Debug|Any CPU
		{5DFC93A5-10FF-4C11-BEC5-0C24393F488C}.Debug|Any CPU.Build.0 = Debug|Any CPU
		{5DFC93A5-10FF-4C11-BEC5-0C24393F488C}.Release|Any CPU.ActiveCfg = Release|Any CPU
		{5DFC93A5-10FF-4C11-BEC5-0C24393F488C}.Release|Any CPU.Build.0 = Release|Any CPU
		{35847C97-21E3-4712-B050-095B40B7CE50}.Debug|Any CPU.ActiveCfg = Debug|Any CPU
		{35847C97-21E3-4712-B050-095B40B7CE50}.Debug|Any CPU.Build.0 = Debug|Any CPU
		{35847C97-21E3-4712-B050-095B40B7CE50}.Release|Any CPU.ActiveCfg = Release|Any CPU
		{35847C97-21E3-4712-B050-095B40B7CE50}.Release|Any CPU.Build.0 = Release|Any CPU
		{EB16FABF-D74A-49E2-918C-33B681B7C7B5}.Debug|Any CPU.ActiveCfg = Debug|Any CPU
		{EB16FABF-D74A-49E2-918C-33B681B7C7B5}.Debug|Any CPU.Build.0 = Debug|Any CPU
		{EB16FABF-D74A-49E2-918C-33B681B7C7B5}.Release|Any CPU.ActiveCfg = Release|Any CPU
		{EB16FABF-D74A-49E2-918C-33B681B7C7B5}.Release|Any CPU.Build.0 = Release|Any CPU
	EndGlobalSection
	GlobalSection(SolutionProperties) = preSolution
		HideSolutionNode = FALSE
	EndGlobalSection
	GlobalSection(ExtensibilityGlobals) = postSolution
		SolutionGuid = {DFC98D3A-D849-4F20-BA7B-89AE9A2ECCFE}
	EndGlobalSection
EndGlobal
